
Microsoft Visual Studio Solution File, Format Version 12.00
# Visual Studio Version 17
VisualStudioVersion = 17.5.002.0
MinimumVisualStudioVersion = 10.0.40219.1
Project("{9A19103F-16F7-4668-BE54-9A1E7A4F7556}") = "Visual_Studio_C#", "Visual_Studio_C#.csproj", "{AF2D0C89-7210-4CF0-866A-33196CE04F60}"
EndProject
Global
	GlobalSection(SolutionConfigurationPlatforms) = preSolution
		Debug|Any CPU = Debug|Any CPU
		Release|Any CPU = Release|Any CPU
	EndGlobalSection
	GlobalSection(ProjectConfigurationPlatforms) = postSolution
		{AF2D0C89-7210-4CF0-866A-33196CE04F60}.Debug|Any CPU.ActiveCfg = Debug|Any CPU
		{AF2D0C89-7210-4CF0-866A-33196CE04F60}.Debug|Any CPU.Build.0 = Debug|Any CPU
		{AF2D0C89-7210-4CF0-866A-33196CE04F60}.Release|Any CPU.ActiveCfg = Release|Any CPU
		{AF2D0C89-7210-4CF0-866A-33196CE04F60}.Release|Any CPU.Build.0 = Release|Any CPU
	EndGlobalSection
	GlobalSection(SolutionProperties) = preSolution
		HideSolutionNode = FALSE
	EndGlobalSection
	GlobalSection(ExtensibilityGlobals) = postSolution
		SolutionGuid = {2591300C-FACF-4FE7-8C46-E816649DA04C}
	EndGlobalSection
EndGlobal
